{
  "requires": true,
  "lockfileVersion": 1,
  "dependencies": {
    "store": {
      "version": "2.0.12",
      "resolved": "https://registry.npmjs.org/store/-/store-2.0.12.tgz",
      "integrity": "sha1-jFNOKguDH3K3X8XxEZhXxE711ZM="
    },
    "storejs": {
      "version": "1.0.25",
      "resolved": "https://registry.npmjs.org/storejs/-/storejs-1.0.25.tgz",
      "integrity": "sha512-UPHetMA+eg1il3GZI1Lnu5/uVszkEkozgnekbjyEFrRHmkjYygbTGJcdKz65Fae6myA+/VnVoes9835E6WS0zw=="
    }
  }
}
